
Microsoft Visual Studio Solution File, Format Version 12.00
# Visual Studio 15
VisualStudioVersion = 15.0.26430.16
MinimumVisualStudioVersion = 10.0.40219.1
Project("{FAE04EC0-301F-11D3-BF4B-00C04F79EFBC}") = "firstwork", "firstwork\firstwork.csproj", "{4A3FC707-2996-4285-95B6-B5A938A4FA68}"
EndProject
Project("{FAE04EC0-301F-11D3-BF4B-00C04F79EFBC}") = "BankSystem", "BankSystem\BankSystem.csproj", "{7151EF3A-3B27-4909-BCD7-C7025657A109}"
EndProject
Global
	GlobalSection(SolutionConfigurationPlatforms) = preSolution
		Debug|Any CPU = Debug|Any CPU
		Release|Any CPU = Release|Any CPU
	EndGlobalSection
	GlobalSection(ProjectConfigurationPlatforms) = postSolution
		{4A3FC707-2996-4285-95B6-B5A938A4FA68}.Debug|Any CPU.ActiveCfg = Debug|Any CPU
		{4A3FC707-2996-4285-95B6-B5A938A4FA68}.Debug|Any CPU.Build.0 = Debug|Any CPU
		{4A3FC707-2996-4285-95B6-B5A938A4FA68}.Release|Any CPU.ActiveCfg = Release|Any CPU
		{4A3FC707-2996-4285-95B6-B5A938A4FA68}.Release|Any CPU.Build.0 = Release|Any CPU
		{7151EF3A-3B27-4909-BCD7-C7025657A109}.Debug|Any CPU.ActiveCfg = Debug|Any CPU
		{7151EF3A-3B27-4909-BCD7-C7025657A109}.Debug|Any CPU.Build.0 = Debug|Any CPU
		{7151EF3A-3B27-4909-BCD7-C7025657A109}.Release|Any CPU.ActiveCfg = Release|Any CPU
		{7151EF3A-3B27-4909-BCD7-C7025657A109}.Release|Any CPU.Build.0 = Release|Any CPU
	EndGlobalSection
	GlobalSection(SolutionProperties) = preSolution
		HideSolutionNode = FALSE
	EndGlobalSection
EndGlobal
